// !$*UTF8*$!
{
	archiveVersion = 1;
	classes = {
	};
	objectVersion = 46;
	objects = {

/* Begin PBXBuildFile section */
		29B3DBFF215936BD00776D42 /* AppDelegate.swift in Sources */ = {isa = PBXBuildFile; fileRef = 29B3DBFE215936BD00776D42 /* AppDelegate.swift */; };
		29B3DC01215936BD00776D42 /* ViewController.swift in Sources */ = {isa = PBXBuildFile; fileRef = 29B3DC00215936BD00776D42 /* ViewController.swift */; };
		29B3DC04215936BD00776D42 /* Main.storyboard in Resources */ = {isa = PBXBuildFile; fileRef = 29B3DC02215936BD00776D42 /* Main.storyboard */; };
		29B3DC06215936BD00776D42 /* Assets.xcassets in Resources */ = {isa = PBXBuildFile; fileRef = 29B3DC05215936BD00776D42 /* Assets.xcassets */; };
		29B3DC09215936BD00776D42 /* LaunchScreen.storyboard in Resources */ = {isa = PBXBuildFile; fileRef = 29B3DC07215936BD00776D42 /* LaunchScreen.storyboard */; };
		29B3DC14215936BD00776D42 /* firstAppTests.swift in Sources */ = {isa = PBXBuildFile; fileRef = 29B3DC13215936BD00776D42 /* firstAppTests.swift */; };
/* End PBXBuildFile section */

/* Begin PBXContainerItemProxy section */
		29B3DC10215936BD00776D42 /* PBXContainerItemProxy */ = {
			isa = PBXContainerItemProxy;
			containerPortal = 29B3DBF3215936BC00776D42 /* Project object */;
			proxyType = 1;
			remoteGlobalIDString = 29B3DBFA215936BC00776D42;
			remoteInfo = firstApp;
		};
/* End PBXContainerItemProxy section */

/* Begin PBXFileReference section */
		29B3DBFB215936BC00776D42 /* firstApp.app */ = {isa = PBXFileReference; explicitFileType = wrapper.application; includeInIndex = 0; path = firstApp.app; sourceTree = BUILT_PRODUCTS_DIR; };
		29B3DBFE215936BD00776D42 /* AppDelegate.swift */ = {isa = PBXFileReference; lastKnownFileType = sourcecode.swift; path = AppDelegate.swift; sourceTree = "<group>"; };
		29B3DC00215936BD00776D42 /* ViewController.swift */ = {isa = PBXFileReference; lastKnownFileType = sourcecode.swift; path = ViewController.swift; sourceTree = "<group>"; };
		29B3DC03215936BD00776D42 /* Base */ = {isa = PBXFileReference; lastKnownFileType = file.storyboard; name = Base; path = Base.lproj/Main.storyboard; sourceTree = "<group>"; };
		29B3DC05215936BD00776D42 /* Assets.xcassets */ = {isa = PBXFileReference; lastKnownFileType = folder.assetcatalog; path = Assets.xcassets; sourceTree = "<group>"; };
		29B3DC08215936BD00776D42 /* Base */ = {isa = PBXFileReference; lastKnownFileType = file.storyboard; name = Base; path = Base.lproj/LaunchScreen.storyboard; sourceTree = "<group>"; };
		29B3DC0A215936BD00776D42 /* Info.plist */ = {isa = PBXFileReference; lastKnownFileType = text.plist.xml; path = Info.plist; sourceTree = "<group>"; };
		29B3DC0F215936BD00776D42 /* firstAppTests.xctest */ = {isa = PBXFileReference; explicitFileType = wrapper.cfbundle; includeInIndex = 0; path = firstAppTests.xctest; sourceTree = BUILT_PRODUCTS_DIR; };
		29B3DC13215936BD00776D42 /* firstAppTests.swift */ = {isa = PBXFileReference; lastKnownFileType = sourcecode.swift; path = firstAppTests.swift; sourceTree = "<group>"; };
		29B3DC15215936BD00776D42 /* Info.plist */ = {isa = PBXFileReference; lastKnownFileType = text.plist.xml; path = Info.plist; sourceTree = "<group>"; };
/* End PBXFileReference section */

/* Begin PBXFrameworksBuildPhase section */
		29B3DBF8215936BC00776D42 /* Frameworks */ = {
			isa = PBXFrameworksBuildPhase;
			buildActionMask = 2147483647;
			files = (
			);
			runOnlyForDeploymentPostprocessing = 0;
		};
		29B3DC0C215936BD00776D42 /* Frameworks */ = {
			isa = PBXFrameworksBuildPhase;
			buildActionMask = 2147483647;
			files = (
			);
			runOnlyForDeploymentPostprocessing = 0;
		};
/* End PBXFrameworksBuildPhase section */

/* Begin PBXGroup section */
		29B3DBF2215936BC00776D42 = {
			isa = PBXGroup;
			children = (
				29B3DBFD215936BC00776D42 /* firstApp */,
				29B3DC12215936BD00776D42 /* firstAppTests */,
				29B3DBFC215936BC00776D42 /* Products */,
			);
			sourceTree = "<group>";
		};
		29B3DBFC215936BC00776D42 /* Products */ = {
			isa = PBXGroup;
			children = (
				29B3DBFB215936BC00776D42 /* firstApp.app */,
				29B3DC0F215936BD00776D42 /* firstAppTests.xctest */,
			);
			name = Products;
			sourceTree = "<group>";
		};
		29B3DBFD215936BC00776D42 /* firstApp */ = {
			isa = PBXGroup;
			children = (
				29B3DBFE215936BD00776D42 /* AppDelegate.swift */,
				29B3DC00215936BD00776D42 /* ViewController.swift */,
				29B3DC02215936BD00776D42 /* Main.storyboard */,
				29B3DC05215936BD00776D42 /* Assets.xcassets */,
				29B3DC07215936BD00776D42 /* LaunchScreen.storyboard */,
				29B3DC0A215936BD00776D42 /* Info.plist */,
			);
			path = firstApp;
			sourceTree = "<group>";
		};
		29B3DC12215936BD00776D42 /* firstAppTests */ = {
			isa = PBXGroup;
			children = (
				29B3DC13215936BD00776D42 /* firstAppTests.swift */,
				29B3DC15215936BD00776D42 /* Info.plist */,
			);
			path = firstAppTests;
			sourceTree = "<group>";
		};
/* End PBXGroup section */

/* Begin PBXNativeTarget section */
		29B3DBFA215936BC00776D42 /* firstApp */ = {
			isa = PBXNativeTarget;
			buildConfigurationList = 29B3DC18215936BD00776D42 /* Build configuration list for PBXNativeTarget "firstApp" */;
			buildPhases = (
				29B3DBF7215936BC00776D42 /* Sources */,
				29B3DBF8215936BC00776D42 /* Frameworks */,
				29B3DBF9215936BC00776D42 /* Resources */,
			);
			buildRules = (
			);
			dependencies = (
			);
			name = firstApp;
			productName = firstApp;
			productReference = 29B3DBFB215936BC00776D42 /* firstApp.app */;
			productType = "com.apple.product-type.application";
		};
		29B3DC0E215936BD00776D42 /* firstAppTests */ = {
			isa = PBXNativeTarget;
			buildConfigurationList = 29B3DC1B215936BD00776D42 /* Build configuration list for PBXNativeTarget "firstAppTests" */;
			buildPhases = (
				29B3DC0B215936BD00776D42 /* Sources */,
				29B3DC0C215936BD00776D42 /* Frameworks */,
				29B3DC0D215936BD00776D42 /* Resources */,
			);
			buildRules = (
			);
			dependencies = (
				29B3DC11215936BD00776D42 /* PBXTargetDependency */,
			);
			name = firstAppTests;
			productName = firstAppTests;
			productReference = 29B3DC0F215936BD00776D42 /* firstAppTests.xctest */;
			productType = "com.apple.product-type.bundle.unit-test";
		};
/* End PBXNativeTarget section */

/* Begin PBXProject section */
		29B3DBF3215936BC00776D42 /* Project object */ = {
			isa = PBXProject;
			attributes = {
				LastSwiftUpdateCheck = 0730;
				LastUpgradeCheck = 0730;
				ORGANIZATIONNAME = "Juan José Camacho";
				TargetAttributes = {
					29B3DBFA215936BC00776D42 = {
						CreatedOnToolsVersion = 7.3.1;
					};
					29B3DC0E215936BD00776D42 = {
						CreatedOnToolsVersion = 7.3.1;
						TestTargetID = 29B3DBFA215936BC00776D42;
					};
				};
			};
			buildConfigurationList = 29B3DBF6215936BC00776D42 /* Build configuration list for PBXProject "firstApp" */;
			compatibilityVersion = "Xcode 3.2";
			developmentRegion = English;
			hasScannedForEncodings = 0;
			knownRegions = (
				en,
				Base,
			);
			mainGroup = 29B3DBF2215936BC00776D42;
			productRefGroup = 29B3DBFC215936BC00776D42 /* Products */;
			projectDirPath = "";
			projectRoot = "";
			targets = (
				29B3DBFA215936BC00776D42 /* firstApp */,
				29B3DC0E215936BD00776D42 /* firstAppTests */,
			);
		};
/* End PBXProject section */

/* Begin PBXResourcesBuildPhase section */
		29B3DBF9215936BC00776D42 /* Resources */ = {
			isa = PBXResourcesBuildPhase;
			buildActionMask = 2147483647;
			files = (
				29B3DC09215936BD00776D42 /* LaunchScreen.storyboard in Resources */,
				29B3DC06215936BD00776D42 /* Assets.xcassets in Resources */,
				29B3DC04215936BD00776D42 /* Main.storyboard in Resources */,
			);
			runOnlyForDeploymentPostprocessing = 0;
		};
		29B3DC0D215936BD00776D42 /* Resources */ = {
			isa = PBXResourcesBuildPhase;
			buildActionMask = 2147483647;
			files = (
			);
			runOnlyForDeploymentPostprocessing = 0;
		};
/* End PBXResourcesBuildPhase section */

/* Begin PBXSourcesBuildPhase section */
		29B3DBF7215936BC00776D42 /* Sources */ = {
			isa = PBXSourcesBuildPhase;
			buildActionMask = 2147483647;
			files = (
				29B3DC01215936BD00776D42 /* ViewController.swift in Sources */,
				29B3DBFF215936BD00776D42 /* AppDelegate.swift in Sources */,
			);
			runOnlyForDeploymentPostprocessing = 0;
		};
		29B3DC0B215936BD00776D42 /* Sources */ = {
			isa = PBXSourcesBuildPhase;
			buildActionMask = 2147483647;
			files = (
				29B3DC14215936BD00776D42 /* firstAppTests.swift in Sources */,
			);
			runOnlyForDeploymentPostprocessing = 0;
		};
/* End PBXSourcesBuildPhase section */

/* Begin PBXTargetDependency section */
		29B3DC11215936BD00776D42 /* PBXTargetDependency */ = {
			isa = PBXTargetDependency;
			target = 29B3DBFA215936BC00776D42 /* firstApp */;
			targetProxy = 29B3DC10215936BD00776D42 /* PBXContainerItemProxy */;
		};
/* End PBXTargetDependency section */

/* Begin PBXVariantGroup section */
		29B3DC02215936BD00776D42 /* Main.storyboard */ = {
			isa = PBXVariantGroup;
			children = (
				29B3DC03215936BD00776D42 /* Base */,
			);
			name = Main.storyboard;
			sourceTree = "<group>";
		};
		29B3DC07215936BD00776D42 /* LaunchScreen.storyboard */ = {
			isa = PBXVariantGroup;
			children = (
				29B3DC08215936BD00776D42 /* Base */,
			);
			name = LaunchScreen.storyboard;
			sourceTree = "<group>";
		};
/* End PBXVariantGroup section */

/* Begin XCBuildConfiguration section */
		29B3DC16215936BD00776D42 /* Debug */ = {
			isa = XCBuildConfiguration;
			buildSettings = {
				ALWAYS_SEARCH_USER_PATHS = NO;
				CLANG_ANALYZER_NONNULL = YES;
				CLANG_CXX_LANGUAGE_STANDARD = "gnu++0x";
				CLANG_CXX_LIBRARY = "libc++";
				CLANG_ENABLE_MODULES = YES;
				CLANG_ENABLE_OBJC_ARC = YES;
				CLANG_WARN_BOOL_CONVERSION = YES;
				CLANG_WARN_CONSTANT_CONVERSION = YES;
				CLANG_WARN_DIRECT_OBJC_ISA_USAGE = YES_ERROR;
				CLANG_WARN_EMPTY_BODY = YES;
				CLANG_WARN_ENUM_CONVERSION = YES;
				CLANG_WARN_INT_CONVERSION = YES;
				CLANG_WARN_OBJC_ROOT_CLASS = YES_ERROR;
				CLANG_WARN_UNREACHABLE_CODE = YES;
				CLANG_WARN__DUPLICATE_METHOD_MATCH = YES;
				"CODE_SIGN_IDENTITY[sdk=iphoneos*]" = "iPhone Developer";
				COPY_PHASE_STRIP = NO;
				DEBUG_INFORMATION_FORMAT = dwarf;
				ENABLE_STRICT_OBJC_MSGSEND = YES;
				ENABLE_TESTABILITY = YES;
				GCC_C_LANGUAGE_STANDARD = gnu99;
				GCC_DYNAMIC_NO_PIC = NO;
				GCC_NO_COMMON_BLOCKS = YES;
				GCC_OPTIMIZATION_LEVEL = 0;
				GCC_PREPROCESSOR_DEFINITIONS = (
					"DEBUG=1",
					"$(inherited)",
				);
				GCC_WARN_64_TO_32_BIT_CONVERSION = YES;
				GCC_WARN_ABOUT_RETURN_TYPE = YES_ERROR;
				GCC_WARN_UNDECLARED_SELECTOR = YES;
				GCC_WARN_UNINITIALIZED_AUTOS = YES_AGGRESSIVE;
				GCC_WARN_UNUSED_FUNCTION = YES;
				GCC_WARN_UNUSED_VARIABLE = YES;
				IPHONEOS_DEPLOYMENT_TARGET = 9.3;
				MTL_ENABLE_DEBUG_INFO = YES;
				ONLY_ACTIVE_ARCH = YES;
				SDKROOT = iphoneos;
				SWIFT_OPTIMIZATION_LEVEL = "-Onone";
			};
			name = Debug;
		};
		29B3DC17215936BD00776D42 /* Release */ = {
			isa = XCBuildConfiguration;
			buildSettings = {
				ALWAYS_SEARCH_USER_PATHS = NO;
				CLANG_ANALYZER_NONNULL = YES;
				CLANG_CXX_LANGUAGE_STANDARD = "gnu++0x";
				CLANG_CXX_LIBRARY = "libc++";
				CLANG_ENABLE_MODULES = YES;
				CLANG_ENABLE_OBJC_ARC = YES;
				CLANG_WARN_BOOL_CONVERSION = YES;
				CLANG_WARN_CONSTANT_CONVERSION = YES;
				CLANG_WARN_DIRECT_OBJC_ISA_USAGE = YES_ERROR;
				CLANG_WARN_EMPTY_BODY = YES;
				CLANG_WARN_ENUM_CONVERSION = YES;
				CLANG_WARN_INT_CONVERSION = YES;
				CLANG_WARN_OBJC_ROOT_CLASS = YES_ERROR;
				CLANG_WARN_UNREACHABLE_CODE = YES;
				CLANG_WARN__DUPLICATE_METHOD_MATCH = YES;
				"CODE_SIGN_IDENTITY[sdk=iphoneos*]" = "iPhone Developer";
				COPY_PHASE_STRIP = NO;
				DEBUG_INFORMATION_FORMAT = "dwarf-with-dsym";
				ENABLE_NS_ASSERTIONS = NO;
				ENABLE_STRICT_OBJC_MSGSEND = YES;
				GCC_C_LANGUAGE_STANDARD = gnu99;
				GCC_NO_COMMON_BLOCKS = YES;
				GCC_WARN_64_TO_32_BIT_CONVERSION = YES;
				GCC_WARN_ABOUT_RETURN_TYPE = YES_ERROR;
				GCC_WARN_UNDECLARED_SELECTOR = YES;
				GCC_WARN_UNINITIALIZED_AUTOS = YES_AGGRESSIVE;
				GCC_WARN_UNUSED_FUNCTION = YES;
				GCC_WARN_UNUSED_VARIABLE = YES;
				IPHONEOS_DEPLOYMENT_TARGET = 9.3;
				MTL_ENABLE_DEBUG_INFO = NO;
				SDKROOT = iphoneos;
				VALIDATE_PRODUCT = YES;
			};
			name = Release;
		};
		29B3DC19215936BD00776D42 /* Debug */ = {
			isa = XCBuildConfiguration;
			buildSettings = {
				ASSETCATALOG_COMPILER_APPICON_NAME = AppIcon;
				INFOPLIST_FILE = firstApp/Info.plist;
				LD_RUNPATH_SEARCH_PATHS = "$(inherited) @executable_path/Frameworks";
				PRODUCT_BUNDLE_IDENTIFIER = ual.es.firstApp;
				PRODUCT_NAME = "$(TARGET_NAME)";
			};
			name = Debug;
		};
		29B3DC1A215936BD00776D42 /* Release */ = {
			isa = XCBuildConfiguration;
			buildSettings = {
				ASSETCATALOG_COMPILER_APPICON_NAME = AppIcon;
				INFOPLIST_FILE = firstApp/Info.plist;
				LD_RUNPATH_SEARCH_PATHS = "$(inherited) @executable_path/Frameworks";
				PRODUCT_BUNDLE_IDENTIFIER = ual.es.firstApp;
				PRODUCT_NAME = "$(TARGET_NAME)";
			};
			name = Release;
		};
		29B3DC1C215936BD00776D42 /* Debug */ = {
			isa = XCBuildConfiguration;
			buildSettings = {
				BUNDLE_LOADER = "$(TEST_HOST)";
				INFOPLIST_FILE = firstAppTests/Info.plist;
				LD_RUNPATH_SEARCH_PATHS = "$(inherited) @executable_path/Frameworks @loader_path/Frameworks";
				PRODUCT_BUNDLE_IDENTIFIER = ual.es.firstAppTests;
				PRODUCT_NAME = "$(TARGET_NAME)";
				TEST_HOST = "$(BUILT_PRODUCTS_DIR)/firstApp.app/firstApp";
			};
			name = Debug;
		};
		29B3DC1D215936BD00776D42 /* Release */ = {
			isa = XCBuildConfiguration;
			buildSettings = {
				BUNDLE_LOADER = "$(TEST_HOST)";
				INFOPLIST_FILE = firstAppTests/Info.plist;
				LD_RUNPATH_SEARCH_PATHS = "$(inherited) @executable_path/Frameworks @loader_path/Frameworks";
				PRODUCT_BUNDLE_IDENTIFIER = ual.es.firstAppTests;
				PRODUCT_NAME = "$(TARGET_NAME)";
				TEST_HOST = "$(BUILT_PRODUCTS_DIR)/firstApp.app/firstApp";
			};
			name = Release;
		};
/* End XCBuildConfiguration section */

/* Begin XCConfigurationList section */
		29B3DBF6215936BC00776D42 /* Build configuration list for PBXProject "firstApp" */ = {
			isa = XCConfigurationList;
			buildConfigurations = (
				29B3DC16215936BD00776D42 /* Debug */,
				29B3DC17215936BD00776D42 /* Release */,
			);
			defaultConfigurationIsVisible = 0;
			defaultConfigurationName = Release;
		};
		29B3DC18215936BD00776D42 /* Build configuration list for PBXNativeTarget "firstApp" */ = {
			isa = XCConfigurationList;
			buildConfigurations = (
				29B3DC19215936BD00776D42 /* Debug */,
				29B3DC1A215936BD00776D42 /* Release */,
			);
			defaultConfigurationIsVisible = 0;
		};
		29B3DC1B215936BD00776D42 /* Build configuration list for PBXNativeTarget "firstAppTests" */ = {
			isa = XCConfigurationList;
			buildConfigurations = (
				29B3DC1C215936BD00776D42 /* Debug */,
				29B3DC1D215936BD00776D42 /* Release */,
			);
			defaultConfigurationIsVisible = 0;
		};
/* End XCConfigurationList section */
	};
	rootObject = 29B3DBF3215936BC00776D42 /* Project object */;
}
